// !$*UTF8*$!
{
	archiveVersion = 1;
	classes = {
	};
	objectVersion = 46;
	objects = {

/* Begin PBXBuildFile section */
		CE1FE84E1B2FE33300DC0F22 /* AppDelegate.swift in Sources */ = {isa = PBXBuildFile; fileRef = CE1FE84D1B2FE33300DC0F22 /* AppDelegate.swift */; };
		CE1FE8501B2FE33300DC0F22 /* ViewController.swift in Sources */ = {isa = PBXBuildFile; fileRef = CE1FE84F1B2FE33300DC0F22 /* ViewController.swift */; };
		CE1FE8531B2FE33300DC0F22 /* Main.storyboard in Resources */ = {isa = PBXBuildFile; fileRef = CE1FE8511B2FE33300DC0F22 /* Main.storyboard */; };
		CE1FE8551B2FE33300DC0F22 /* Images.xcassets in Resources */ = {isa = PBXBuildFile; fileRef = CE1FE8541B2FE33300DC0F22 /* Images.xcassets */; };
		CE1FE8581B2FE33300DC0F22 /* LaunchScreen.xib in Resources */ = {isa = PBXBuildFile; fileRef = CE1FE8561B2FE33300DC0F22 /* LaunchScreen.xib */; };
		CE1FE8641B2FE33300DC0F22 /* SplitBillTests.swift in Sources */ = {isa = PBXBuildFile; fileRef = CE1FE8631B2FE33300DC0F22 /* SplitBillTests.swift */; };
		CE1FE86E1B2FE36200DC0F22 /* SplitBill.swift in Sources */ = {isa = PBXBuildFile; fileRef = CE1FE86D1B2FE36200DC0F22 /* SplitBill.swift */; };
		CE39588A1B4CFA1A005AD348 /* bitcoin@2x.png in Resources */ = {isa = PBXBuildFile; fileRef = CE3958881B4CFA1A005AD348 /* bitcoin@2x.png */; };
		CE39588B1B4CFA1A005AD348 /* settings@2x.png in Resources */ = {isa = PBXBuildFile; fileRef = CE3958891B4CFA1A005AD348 /* settings@2x.png */; };
		CE3958931B4CFE21005AD348 /* icon.png in Resources */ = {isa = PBXBuildFile; fileRef = CE3958921B4CFE21005AD348 /* icon.png */; };
		CE3DF1BE1B411C1400FDA788 /* DetailsViewController.swift in Sources */ = {isa = PBXBuildFile; fileRef = CE3DF1BD1B411C1400FDA788 /* DetailsViewController.swift */; };
		CE3DF1C01B411C6000FDA788 /* DetailCell.swift in Sources */ = {isa = PBXBuildFile; fileRef = CE3DF1BF1B411C6000FDA788 /* DetailCell.swift */; };
		CE5CDD2D1B43D06900C46389 /* PriceFilterViewController.swift in Sources */ = {isa = PBXBuildFile; fileRef = CE5CDD2C1B43D06900C46389 /* PriceFilterViewController.swift */; };
		CE5CDD321B43DA1400C46389 /* Default.swift in Sources */ = {isa = PBXBuildFile; fileRef = CE5CDD311B43DA1400C46389 /* Default.swift */; };
		CE5CDD641B43E58400C46389 /* TaxRateViewController.swift in Sources */ = {isa = PBXBuildFile; fileRef = CE5CDD631B43E58400C46389 /* TaxRateViewController.swift */; };
		CECD3A451B3BDB3600C5A283 /* tessdata in Resources */ = {isa = PBXBuildFile; fileRef = CECD3A441B3BDB3600C5A283 /* tessdata */; };
		CECD3A471B3BDC1D00C5A283 /* Images in Resources */ = {isa = PBXBuildFile; fileRef = CECD3A461B3BDC1D00C5A283 /* Images */; };
		CECE5BF81B3D01F1004697A8 /* ScanBill.swift in Sources */ = {isa = PBXBuildFile; fileRef = CECE5BF71B3D01F1004697A8 /* ScanBill.swift */; };
		CECE5BFD1B3D1AA2004697A8 /* DraftCell.swift in Sources */ = {isa = PBXBuildFile; fileRef = CECE5BFC1B3D1AA2004697A8 /* DraftCell.swift */; };
		CECE5C021B3D1CC1004697A8 /* SelectTipViewController.swift in Sources */ = {isa = PBXBuildFile; fileRef = CECE5C011B3D1CC1004697A8 /* SelectTipViewController.swift */; };
		CECE5C041B3D1E16004697A8 /* DraftBillViewController.swift in Sources */ = {isa = PBXBuildFile; fileRef = CECE5C031B3D1E16004697A8 /* DraftBillViewController.swift */; };
		CECE5C091B3D2DA4004697A8 /* PayCell.swift in Sources */ = {isa = PBXBuildFile; fileRef = CECE5C081B3D2DA4004697A8 /* PayCell.swift */; };
		CECE5C0B1B3D2DF1004697A8 /* PayOptionsViewController.swift in Sources */ = {isa = PBXBuildFile; fileRef = CECE5C0A1B3D2DF1004697A8 /* PayOptionsViewController.swift */; };
		E12DB3CB4C2127083B5FD0DB /* libPods-SplitBill.a in Frameworks */ = {isa = PBXBuildFile; fileRef = C04DC240E04EB7FFA79EE757 /* libPods-SplitBill.a */; };
/* End PBXBuildFile section */

/* Begin PBXContainerItemProxy section */
		CE1FE85E1B2FE33300DC0F22 /* PBXContainerItemProxy */ = {
			isa = PBXContainerItemProxy;
			containerPortal = CE1FE8401B2FE33300DC0F22 /* Project object */;
			proxyType = 1;
			remoteGlobalIDString = CE1FE8471B2FE33300DC0F22;
			remoteInfo = SplitBill;
		};
/* End PBXContainerItemProxy section */

/* Begin PBXFileReference section */
		71FF57E1EFD6CCE169530162 /* Pods-SplitBill.debug.xcconfig */ = {isa = PBXFileReference; includeInIndex = 1; lastKnownFileType = text.xcconfig; name = "Pods-SplitBill.debug.xcconfig"; path = "Pods/Target Support Files/Pods-SplitBill/Pods-SplitBill.debug.xcconfig"; sourceTree = "<group>"; };
		C04DC240E04EB7FFA79EE757 /* libPods-SplitBill.a */ = {isa = PBXFileReference; explicitFileType = archive.ar; includeInIndex = 0; path = "libPods-SplitBill.a"; sourceTree = BUILT_PRODUCTS_DIR; };
		CE1FE8481B2FE33300DC0F22 /* SplitBill.app */ = {isa = PBXFileReference; explicitFileType = wrapper.application; includeInIndex = 0; path = SplitBill.app; sourceTree = BUILT_PRODUCTS_DIR; };
		CE1FE84C1B2FE33300DC0F22 /* Info.plist */ = {isa = PBXFileReference; lastKnownFileType = text.plist.xml; path = Info.plist; sourceTree = "<group>"; };
		CE1FE84D1B2FE33300DC0F22 /* AppDelegate.swift */ = {isa = PBXFileReference; lastKnownFileType = sourcecode.swift; path = AppDelegate.swift; sourceTree = "<group>"; };
		CE1FE84F1B2FE33300DC0F22 /* ViewController.swift */ = {isa = PBXFileReference; lastKnownFileType = sourcecode.swift; path = ViewController.swift; sourceTree = "<group>"; };
		CE1FE8521B2FE33300DC0F22 /* Base */ = {isa = PBXFileReference; lastKnownFileType = file.storyboard; name = Base; path = Base.lproj/Main.storyboard; sourceTree = "<group>"; };
		CE1FE8541B2FE33300DC0F22 /* Images.xcassets */ = {isa = PBXFileReference; lastKnownFileType = folder.assetcatalog; path = Images.xcassets; sourceTree = "<group>"; };
		CE1FE8571B2FE33300DC0F22 /* Base */ = {isa = PBXFileReference; lastKnownFileType = file.xib; name = Base; path = Base.lproj/LaunchScreen.xib; sourceTree = "<group>"; };
		CE1FE85D1B2FE33300DC0F22 /* SplitBillTests.xctest */ = {isa = PBXFileReference; explicitFileType = wrapper.cfbundle; includeInIndex = 0; path = SplitBillTests.xctest; sourceTree = BUILT_PRODUCTS_DIR; };
		CE1FE8621B2FE33300DC0F22 /* Info.plist */ = {isa = PBXFileReference; lastKnownFileType = text.plist.xml; path = Info.plist; sourceTree = "<group>"; };
		CE1FE8631B2FE33300DC0F22 /* SplitBillTests.swift */ = {isa = PBXFileReference; lastKnownFileType = sourcecode.swift; path = SplitBillTests.swift; sourceTree = "<group>"; };
		CE1FE86D1B2FE36200DC0F22 /* SplitBill.swift */ = {isa = PBXFileReference; fileEncoding = 4; lastKnownFileType = sourcecode.swift; path = SplitBill.swift; sourceTree = "<group>"; };
		CE3958881B4CFA1A005AD348 /* bitcoin@2x.png */ = {isa = PBXFileReference; lastKnownFileType = image.png; path = "bitcoin@2x.png"; sourceTree = "<group>"; };
		CE3958891B4CFA1A005AD348 /* settings@2x.png */ = {isa = PBXFileReference; lastKnownFileType = image.png; path = "settings@2x.png"; sourceTree = "<group>"; };
		CE3958921B4CFE21005AD348 /* icon.png */ = {isa = PBXFileReference; lastKnownFileType = image.png; path = icon.png; sourceTree = "<group>"; };
		CE3DF1BD1B411C1400FDA788 /* DetailsViewController.swift */ = {isa = PBXFileReference; fileEncoding = 4; lastKnownFileType = sourcecode.swift; path = DetailsViewController.swift; sourceTree = "<group>"; };
		CE3DF1BF1B411C6000FDA788 /* DetailCell.swift */ = {isa = PBXFileReference; fileEncoding = 4; lastKnownFileType = sourcecode.swift; path = DetailCell.swift; sourceTree = "<group>"; };
		CE5CDD2C1B43D06900C46389 /* PriceFilterViewController.swift */ = {isa = PBXFileReference; fileEncoding = 4; lastKnownFileType = sourcecode.swift; path = PriceFilterViewController.swift; sourceTree = "<group>"; };
		CE5CDD311B43DA1400C46389 /* Default.swift */ = {isa = PBXFileReference; fileEncoding = 4; lastKnownFileType = sourcecode.swift; path = Default.swift; sourceTree = "<group>"; };
		CE5CDD631B43E58400C46389 /* TaxRateViewController.swift */ = {isa = PBXFileReference; fileEncoding = 4; lastKnownFileType = sourcecode.swift; path = TaxRateViewController.swift; sourceTree = "<group>"; };
		CECD3A401B3BDA1F00C5A283 /* SplitBill-Bridging-Header.h */ = {isa = PBXFileReference; lastKnownFileType = sourcecode.c.h; path = "SplitBill-Bridging-Header.h"; sourceTree = "<group>"; };
		CECD3A441B3BDB3600C5A283 /* tessdata */ = {isa = PBXFileReference; lastKnownFileType = folder; path = tessdata; sourceTree = "<group>"; };
		CECD3A461B3BDC1D00C5A283 /* Images */ = {isa = PBXFileReference; lastKnownFileType = folder; path = Images; sourceTree = "<group>"; };
		CECE5BF71B3D01F1004697A8 /* ScanBill.swift */ = {isa = PBXFileReference; fileEncoding = 4; lastKnownFileType = sourcecode.swift; path = ScanBill.swift; sourceTree = "<group>"; };
		CECE5BFC1B3D1AA2004697A8 /* DraftCell.swift */ = {isa = PBXFileReference; fileEncoding = 4; lastKnownFileType = sourcecode.swift; path = DraftCell.swift; sourceTree = "<group>"; };
		CECE5C011B3D1CC1004697A8 /* SelectTipViewController.swift */ = {isa = PBXFileReference; fileEncoding = 4; lastKnownFileType = sourcecode.swift; path = SelectTipViewController.swift; sourceTree = "<group>"; };
		CECE5C031B3D1E16004697A8 /* DraftBillViewController.swift */ = {isa = PBXFileReference; fileEncoding = 4; lastKnownFileType = sourcecode.swift; path = DraftBillViewController.swift; sourceTree = "<group>"; };
		CECE5C081B3D2DA4004697A8 /* PayCell.swift */ = {isa = PBXFileReference; fileEncoding = 4; lastKnownFileType = sourcecode.swift; path = PayCell.swift; sourceTree = "<group>"; };
		CECE5C0A1B3D2DF1004697A8 /* PayOptionsViewController.swift */ = {isa = PBXFileReference; fileEncoding = 4; lastKnownFileType = sourcecode.swift; path = PayOptionsViewController.swift; sourceTree = "<group>"; };
		E5626467CDF9A7BA505A9B13 /* Pods-SplitBill.release.xcconfig */ = {isa = PBXFileReference; includeInIndex = 1; lastKnownFileType = text.xcconfig; name = "Pods-SplitBill.release.xcconfig"; path = "Pods/Target Support Files/Pods-SplitBill/Pods-SplitBill.release.xcconfig"; sourceTree = "<group>"; };
/* End PBXFileReference section */

/* Begin PBXFrameworksBuildPhase section */
		CE1FE8451B2FE33300DC0F22 /* Frameworks */ = {
			isa = PBXFrameworksBuildPhase;
			buildActionMask = 2147483647;
			files = (
				E12DB3CB4C2127083B5FD0DB /* libPods-SplitBill.a in Frameworks */,
			);
			runOnlyForDeploymentPostprocessing = 0;
		};
		CE1FE85A1B2FE33300DC0F22 /* Frameworks */ = {
			isa = PBXFrameworksBuildPhase;
			buildActionMask = 2147483647;
			files = (
			);
			runOnlyForDeploymentPostprocessing = 0;
		};
/* End PBXFrameworksBuildPhase section */

/* Begin PBXGroup section */
		3D29076070C2C233613704CF /* Pods */ = {
			isa = PBXGroup;
			children = (
				71FF57E1EFD6CCE169530162 /* Pods-SplitBill.debug.xcconfig */,
				E5626467CDF9A7BA505A9B13 /* Pods-SplitBill.release.xcconfig */,
			);
			name = Pods;
			sourceTree = "<group>";
		};
		CE1FE83F1B2FE33200DC0F22 = {
			isa = PBXGroup;
			children = (
				CE3958921B4CFE21005AD348 /* icon.png */,
				CE3958881B4CFA1A005AD348 /* bitcoin@2x.png */,
				CE3958891B4CFA1A005AD348 /* settings@2x.png */,
				CECD3A461B3BDC1D00C5A283 /* Images */,
				CE1FE84A1B2FE33300DC0F22 /* SplitBill */,
				CE1FE8601B2FE33300DC0F22 /* SplitBillTests */,
				CE1FE8491B2FE33300DC0F22 /* Products */,
				3D29076070C2C233613704CF /* Pods */,
				EC7E187E39F507DBF554A05B /* Frameworks */,
				CECD3A401B3BDA1F00C5A283 /* SplitBill-Bridging-Header.h */,
				CECD3A441B3BDB3600C5A283 /* tessdata */,
			);
			sourceTree = "<group>";
		};
		CE1FE8491B2FE33300DC0F22 /* Products */ = {
			isa = PBXGroup;
			children = (
				CE1FE8481B2FE33300DC0F22 /* SplitBill.app */,
				CE1FE85D1B2FE33300DC0F22 /* SplitBillTests.xctest */,
			);
			name = Products;
			sourceTree = "<group>";
		};
		CE1FE84A1B2FE33300DC0F22 /* SplitBill */ = {
			isa = PBXGroup;
			children = (
				CE1FE84D1B2FE33300DC0F22 /* AppDelegate.swift */,
				CE1FE84F1B2FE33300DC0F22 /* ViewController.swift */,
				CE1FE8511B2FE33300DC0F22 /* Main.storyboard */,
				CE5CDD2C1B43D06900C46389 /* PriceFilterViewController.swift */,
				CE3DF1BF1B411C6000FDA788 /* DetailCell.swift */,
				CE3DF1BD1B411C1400FDA788 /* DetailsViewController.swift */,
				CECE5BF71B3D01F1004697A8 /* ScanBill.swift */,
				CECE5BFC1B3D1AA2004697A8 /* DraftCell.swift */,
				CECE5C031B3D1E16004697A8 /* DraftBillViewController.swift */,
				CECE5C0A1B3D2DF1004697A8 /* PayOptionsViewController.swift */,
				CE1FE86D1B2FE36200DC0F22 /* SplitBill.swift */,
				CECE5C081B3D2DA4004697A8 /* PayCell.swift */,
				CE5CDD311B43DA1400C46389 /* Default.swift */,
				CE5CDD631B43E58400C46389 /* TaxRateViewController.swift */,
				CECE5C011B3D1CC1004697A8 /* SelectTipViewController.swift */,
				CE1FE8541B2FE33300DC0F22 /* Images.xcassets */,
				CE1FE8561B2FE33300DC0F22 /* LaunchScreen.xib */,
				CE1FE84B1B2FE33300DC0F22 /* Supporting Files */,
			);
			path = SplitBill;
			sourceTree = "<group>";
		};
		CE1FE84B1B2FE33300DC0F22 /* Supporting Files */ = {
			isa = PBXGroup;
			children = (
				CE1FE84C1B2FE33300DC0F22 /* Info.plist */,
			);
			name = "Supporting Files";
			sourceTree = "<group>";
		};
		CE1FE8601B2FE33300DC0F22 /* SplitBillTests */ = {
			isa = PBXGroup;
			children = (
				CE1FE8631B2FE33300DC0F22 /* SplitBillTests.swift */,
				CE1FE8611B2FE33300DC0F22 /* Supporting Files */,
			);
			path = SplitBillTests;
			sourceTree = "<group>";
		};
		CE1FE8611B2FE33300DC0F22 /* Supporting Files */ = {
			isa = PBXGroup;
			children = (
				CE1FE8621B2FE33300DC0F22 /* Info.plist */,
			);
			name = "Supporting Files";
			sourceTree = "<group>";
		};
		EC7E187E39F507DBF554A05B /* Frameworks */ = {
			isa = PBXGroup;
			children = (
				C04DC240E04EB7FFA79EE757 /* libPods-SplitBill.a */,
			);
			name = Frameworks;
			sourceTree = "<group>";
		};
/* End PBXGroup section */

/* Begin PBXNativeTarget section */
		CE1FE8471B2FE33300DC0F22 /* SplitBill */ = {
			isa = PBXNativeTarget;
			buildConfigurationList = CE1FE8671B2FE33300DC0F22 /* Build configuration list for PBXNativeTarget "SplitBill" */;
			buildPhases = (
				CD10E3657B102E1EC2880A3C /* Check Pods Manifest.lock */,
				CE1FE8441B2FE33300DC0F22 /* Sources */,
				CE1FE8451B2FE33300DC0F22 /* Frameworks */,
				CE1FE8461B2FE33300DC0F22 /* Resources */,
				A4F54035719D3F47B3F25E51 /* Copy Pods Resources */,
			);
			buildRules = (
			);
			dependencies = (
			);
			name = SplitBill;
			productName = SplitBill;
			productReference = CE1FE8481B2FE33300DC0F22 /* SplitBill.app */;
			productType = "com.apple.product-type.application";
		};
		CE1FE85C1B2FE33300DC0F22 /* SplitBillTests */ = {
			isa = PBXNativeTarget;
			buildConfigurationList = CE1FE86A1B2FE33300DC0F22 /* Build configuration list for PBXNativeTarget "SplitBillTests" */;
			buildPhases = (
				CE1FE8591B2FE33300DC0F22 /* Sources */,
				CE1FE85A1B2FE33300DC0F22 /* Frameworks */,
				CE1FE85B1B2FE33300DC0F22 /* Resources */,
			);
			buildRules = (
			);
			dependencies = (
				CE1FE85F1B2FE33300DC0F22 /* PBXTargetDependency */,
			);
			name = SplitBillTests;
			productName = SplitBillTests;
			productReference = CE1FE85D1B2FE33300DC0F22 /* SplitBillTests.xctest */;
			productType = "com.apple.product-type.bundle.unit-test";
		};
/* End PBXNativeTarget section */

/* Begin PBXProject section */
		CE1FE8401B2FE33300DC0F22 /* Project object */ = {
			isa = PBXProject;
			attributes = {
				LastUpgradeCheck = 0630;
				ORGANIZATIONNAME = "Xinyi Yin";
				TargetAttributes = {
					CE1FE8471B2FE33300DC0F22 = {
						CreatedOnToolsVersion = 6.3.2;
						DevelopmentTeam = 5N5F2XT73U;
					};
					CE1FE85C1B2FE33300DC0F22 = {
						CreatedOnToolsVersion = 6.3.2;
						TestTargetID = CE1FE8471B2FE33300DC0F22;
					};
				};
			};
			buildConfigurationList = CE1FE8431B2FE33300DC0F22 /* Build configuration list for PBXProject "SplitBill" */;
			compatibilityVersion = "Xcode 3.2";
			developmentRegion = English;
			hasScannedForEncodings = 0;
			knownRegions = (
				en,
				Base,
			);
			mainGroup = CE1FE83F1B2FE33200DC0F22;
			productRefGroup = CE1FE8491B2FE33300DC0F22 /* Products */;
			projectDirPath = "";
			projectRoot = "";
			targets = (
				CE1FE8471B2FE33300DC0F22 /* SplitBill */,
				CE1FE85C1B2FE33300DC0F22 /* SplitBillTests */,
			);
		};
/* End PBXProject section */

/* Begin PBXResourcesBuildPhase section */
		CE1FE8461B2FE33300DC0F22 /* Resources */ = {
			isa = PBXResourcesBuildPhase;
			buildActionMask = 2147483647;
			files = (
				CECD3A471B3BDC1D00C5A283 /* Images in Resources */,
				CE1FE8531B2FE33300DC0F22 /* Main.storyboard in Resources */,
				CE39588B1B4CFA1A005AD348 /* settings@2x.png in Resources */,
				CECD3A451B3BDB3600C5A283 /* tessdata in Resources */,
				CE3958931B4CFE21005AD348 /* icon.png in Resources */,
				CE39588A1B4CFA1A005AD348 /* bitcoin@2x.png in Resources */,
				CE1FE8581B2FE33300DC0F22 /* LaunchScreen.xib in Resources */,
				CE1FE8551B2FE33300DC0F22 /* Images.xcassets in Resources */,
			);
			runOnlyForDeploymentPostprocessing = 0;
		};
		CE1FE85B1B2FE33300DC0F22 /* Resources */ = {
			isa = PBXResourcesBuildPhase;
			buildActionMask = 2147483647;
			files = (
			);
			runOnlyForDeploymentPostprocessing = 0;
		};
/* End PBXResourcesBuildPhase section */

/* Begin PBXShellScriptBuildPhase section */
		A4F54035719D3F47B3F25E51 /* Copy Pods Resources */ = {
			isa = PBXShellScriptBuildPhase;
			buildActionMask = 2147483647;
			files = (
			);
			inputPaths = (
			);
			name = "Copy Pods Resources";
			outputPaths = (
			);
			runOnlyForDeploymentPostprocessing = 0;
			shellPath = /bin/sh;
			shellScript = "\"${SRCROOT}/Pods/Target Support Files/Pods-SplitBill/Pods-SplitBill-resources.sh\"\n";
			showEnvVarsInLog = 0;
		};
		CD10E3657B102E1EC2880A3C /* Check Pods Manifest.lock */ = {
			isa = PBXShellScriptBuildPhase;
			buildActionMask = 2147483647;
			files = (
			);
			inputPaths = (
			);
			name = "Check Pods Manifest.lock";
			outputPaths = (
			);
			runOnlyForDeploymentPostprocessing = 0;
			shellPath = /bin/sh;
			shellScript = "diff \"${PODS_ROOT}/../Podfile.lock\" \"${PODS_ROOT}/Manifest.lock\" > /dev/null\nif [[ $? != 0 ]] ; then\n    cat << EOM\nerror: The sandbox is not in sync with the Podfile.lock. Run 'pod install' or update your CocoaPods installation.\nEOM\n    exit 1\nfi\n";
			showEnvVarsInLog = 0;
		};
/* End PBXShellScriptBuildPhase section */

/* Begin PBXSourcesBuildPhase section */
		CE1FE8441B2FE33300DC0F22 /* Sources */ = {
			isa = PBXSourcesBuildPhase;
			buildActionMask = 2147483647;
			files = (
				CE1FE8501B2FE33300DC0F22 /* ViewController.swift in Sources */,
				CE3DF1C01B411C6000FDA788 /* DetailCell.swift in Sources */,
				CECE5BFD1B3D1AA2004697A8 /* DraftCell.swift in Sources */,
				CECE5C091B3D2DA4004697A8 /* PayCell.swift in Sources */,
				CECE5BF81B3D01F1004697A8 /* ScanBill.swift in Sources */,
				CE5CDD321B43DA1400C46389 /* Default.swift in Sources */,
				CE1FE86E1B2FE36200DC0F22 /* SplitBill.swift in Sources */,
				CECE5C041B3D1E16004697A8 /* DraftBillViewController.swift in Sources */,
				CECE5C0B1B3D2DF1004697A8 /* PayOptionsViewController.swift in Sources */,
				CE1FE84E1B2FE33300DC0F22 /* AppDelegate.swift in Sources */,
				CECE5C021B3D1CC1004697A8 /* SelectTipViewController.swift in Sources */,
				CE5CDD2D1B43D06900C46389 /* PriceFilterViewController.swift in Sources */,
				CE5CDD641B43E58400C46389 /* TaxRateViewController.swift in Sources */,
				CE3DF1BE1B411C1400FDA788 /* DetailsViewController.swift in Sources */,
			);
			runOnlyForDeploymentPostprocessing = 0;
		};
		CE1FE8591B2FE33300DC0F22 /* Sources */ = {
			isa = PBXSourcesBuildPhase;
			buildActionMask = 2147483647;
			files = (
				CE1FE8641B2FE33300DC0F22 /* SplitBillTests.swift in Sources */,
			);
			runOnlyForDeploymentPostprocessing = 0;
		};
/* End PBXSourcesBuildPhase section */

/* Begin PBXTargetDependency section */
		CE1FE85F1B2FE33300DC0F22 /* PBXTargetDependency */ = {
			isa = PBXTargetDependency;
			target = CE1FE8471B2FE33300DC0F22 /* SplitBill */;
			targetProxy = CE1FE85E1B2FE33300DC0F22 /* PBXContainerItemProxy */;
		};
/* End PBXTargetDependency section */

/* Begin PBXVariantGroup section */
		CE1FE8511B2FE33300DC0F22 /* Main.storyboard */ = {
			isa = PBXVariantGroup;
			children = (
				CE1FE8521B2FE33300DC0F22 /* Base */,
			);
			name = Main.storyboard;
			sourceTree = "<group>";
		};
		CE1FE8561B2FE33300DC0F22 /* LaunchScreen.xib */ = {
			isa = PBXVariantGroup;
			children = (
				CE1FE8571B2FE33300DC0F22 /* Base */,
			);
			name = LaunchScreen.xib;
			sourceTree = "<group>";
		};
/* End PBXVariantGroup section */

/* Begin XCBuildConfiguration section */
		CE1FE8651B2FE33300DC0F22 /* Debug */ = {
			isa = XCBuildConfiguration;
			buildSettings = {
				ALWAYS_SEARCH_USER_PATHS = NO;
				CLANG_CXX_LANGUAGE_STANDARD = "gnu++0x";
				CLANG_CXX_LIBRARY = "libc++";
				CLANG_ENABLE_MODULES = YES;
				CLANG_ENABLE_OBJC_ARC = YES;
				CLANG_WARN_BOOL_CONVERSION = YES;
				CLANG_WARN_CONSTANT_CONVERSION = YES;
				CLANG_WARN_DIRECT_OBJC_ISA_USAGE = YES_ERROR;
				CLANG_WARN_EMPTY_BODY = YES;
				CLANG_WARN_ENUM_CONVERSION = YES;
				CLANG_WARN_INT_CONVERSION = YES;
				CLANG_WARN_OBJC_ROOT_CLASS = YES_ERROR;
				CLANG_WARN_UNREACHABLE_CODE = YES;
				CLANG_WARN__DUPLICATE_METHOD_MATCH = YES;
				"CODE_SIGN_IDENTITY[sdk=iphoneos*]" = "iPhone Developer";
				COPY_PHASE_STRIP = NO;
				DEBUG_INFORMATION_FORMAT = "dwarf-with-dsym";
				ENABLE_STRICT_OBJC_MSGSEND = YES;
				GCC_C_LANGUAGE_STANDARD = gnu99;
				GCC_DYNAMIC_NO_PIC = NO;
				GCC_NO_COMMON_BLOCKS = YES;
				GCC_OPTIMIZATION_LEVEL = 0;
				GCC_PREPROCESSOR_DEFINITIONS = (
					"DEBUG=1",
					"$(inherited)",
				);
				GCC_SYMBOLS_PRIVATE_EXTERN = NO;
				GCC_WARN_64_TO_32_BIT_CONVERSION = YES;
				GCC_WARN_ABOUT_RETURN_TYPE = YES_ERROR;
				GCC_WARN_UNDECLARED_SELECTOR = YES;
				GCC_WARN_UNINITIALIZED_AUTOS = YES_AGGRESSIVE;
				GCC_WARN_UNUSED_FUNCTION = YES;
				GCC_WARN_UNUSED_VARIABLE = YES;
				IPHONEOS_DEPLOYMENT_TARGET = 8.3;
				MTL_ENABLE_DEBUG_INFO = YES;
				ONLY_ACTIVE_ARCH = YES;
				SDKROOT = iphoneos;
				SWIFT_OPTIMIZATION_LEVEL = "-Onone";
			};
			name = Debug;
		};
		CE1FE8661B2FE33300DC0F22 /* Release */ = {
			isa = XCBuildConfiguration;
			buildSettings = {
				ALWAYS_SEARCH_USER_PATHS = NO;
				CLANG_CXX_LANGUAGE_STANDARD = "gnu++0x";
				CLANG_CXX_LIBRARY = "libc++";
				CLANG_ENABLE_MODULES = YES;
				CLANG_ENABLE_OBJC_ARC = YES;
				CLANG_WARN_BOOL_CONVERSION = YES;
				CLANG_WARN_CONSTANT_CONVERSION = YES;
				CLANG_WARN_DIRECT_OBJC_ISA_USAGE = YES_ERROR;
				CLANG_WARN_EMPTY_BODY = YES;
				CLANG_WARN_ENUM_CONVERSION = YES;
				CLANG_WARN_INT_CONVERSION = YES;
				CLANG_WARN_OBJC_ROOT_CLASS = YES_ERROR;
				CLANG_WARN_UNREACHABLE_CODE = YES;
				CLANG_WARN__DUPLICATE_METHOD_MATCH = YES;
				"CODE_SIGN_IDENTITY[sdk=iphoneos*]" = "iPhone Developer";
				COPY_PHASE_STRIP = NO;
				DEBUG_INFORMATION_FORMAT = "dwarf-with-dsym";
				ENABLE_NS_ASSERTIONS = NO;
				ENABLE_STRICT_OBJC_MSGSEND = YES;
				GCC_C_LANGUAGE_STANDARD = gnu99;
				GCC_NO_COMMON_BLOCKS = YES;
				GCC_WARN_64_TO_32_BIT_CONVERSION = YES;
				GCC_WARN_ABOUT_RETURN_TYPE = YES_ERROR;
				GCC_WARN_UNDECLARED_SELECTOR = YES;
				GCC_WARN_UNINITIALIZED_AUTOS = YES_AGGRESSIVE;
				GCC_WARN_UNUSED_FUNCTION = YES;
				GCC_WARN_UNUSED_VARIABLE = YES;
				IPHONEOS_DEPLOYMENT_TARGET = 8.3;
				MTL_ENABLE_DEBUG_INFO = NO;
				SDKROOT = iphoneos;
				VALIDATE_PRODUCT = YES;
			};
			name = Release;
		};
		CE1FE8681B2FE33300DC0F22 /* Debug */ = {
			isa = XCBuildConfiguration;
			baseConfigurationReference = 71FF57E1EFD6CCE169530162 /* Pods-SplitBill.debug.xcconfig */;
			buildSettings = {
				ASSETCATALOG_COMPILER_APPICON_NAME = AppIcon;
				CLANG_ENABLE_MODULES = YES;
				CODE_SIGN_IDENTITY = "iPhone Developer";
				"CODE_SIGN_IDENTITY[sdk=iphoneos*]" = "iPhone Developer";
				INFOPLIST_FILE = SplitBill/Info.plist;
				LD_RUNPATH_SEARCH_PATHS = "$(inherited) @executable_path/Frameworks";
				PRODUCT_NAME = "$(TARGET_NAME)";
				PROVISIONING_PROFILE = "";
				SWIFT_OBJC_BRIDGING_HEADER = "SplitBill-Bridging-Header.h";
				SWIFT_OPTIMIZATION_LEVEL = "-Onone";
			};
			name = Debug;
		};
		CE1FE8691B2FE33300DC0F22 /* Release */ = {
			isa = XCBuildConfiguration;
			baseConfigurationReference = E5626467CDF9A7BA505A9B13 /* Pods-SplitBill.release.xcconfig */;
			buildSettings = {
				ASSETCATALOG_COMPILER_APPICON_NAME = AppIcon;
				CLANG_ENABLE_MODULES = YES;
				CODE_SIGN_IDENTITY = "iPhone Developer";
				"CODE_SIGN_IDENTITY[sdk=iphoneos*]" = "iPhone Developer";
				INFOPLIST_FILE = SplitBill/Info.plist;
				LD_RUNPATH_SEARCH_PATHS = "$(inherited) @executable_path/Frameworks";
				PRODUCT_NAME = "$(TARGET_NAME)";
				PROVISIONING_PROFILE = "";
				SWIFT_OBJC_BRIDGING_HEADER = "SplitBill-Bridging-Header.h";
			};
			name = Release;
		};
		CE1FE86B1B2FE33300DC0F22 /* Debug */ = {
			isa = XCBuildConfiguration;
			buildSettings = {
				BUNDLE_LOADER = "$(TEST_HOST)";
				FRAMEWORK_SEARCH_PATHS = (
					"$(SDKROOT)/Developer/Library/Frameworks",
					"$(inherited)",
				);
				GCC_PREPROCESSOR_DEFINITIONS = (
					"DEBUG=1",
					"$(inherited)",
				);
				INFOPLIST_FILE = SplitBillTests/Info.plist;
				LD_RUNPATH_SEARCH_PATHS = "$(inherited) @executable_path/Frameworks @loader_path/Frameworks";
				PRODUCT_NAME = "$(TARGET_NAME)";
				TEST_HOST = "$(BUILT_PRODUCTS_DIR)/SplitBill.app/SplitBill";
			};
			name = Debug;
		};
		CE1FE86C1B2FE33300DC0F22 /* Release */ = {
			isa = XCBuildConfiguration;
			buildSettings = {
				BUNDLE_LOADER = "$(TEST_HOST)";
				FRAMEWORK_SEARCH_PATHS = (
					"$(SDKROOT)/Developer/Library/Frameworks",
					"$(inherited)",
				);
				INFOPLIST_FILE = SplitBillTests/Info.plist;
				LD_RUNPATH_SEARCH_PATHS = "$(inherited) @executable_path/Frameworks @loader_path/Frameworks";
				PRODUCT_NAME = "$(TARGET_NAME)";
				TEST_HOST = "$(BUILT_PRODUCTS_DIR)/SplitBill.app/SplitBill";
			};
			name = Release;
		};
/* End XCBuildConfiguration section */

/* Begin XCConfigurationList section */
		CE1FE8431B2FE33300DC0F22 /* Build configuration list for PBXProject "SplitBill" */ = {
			isa = XCConfigurationList;
			buildConfigurations = (
				CE1FE8651B2FE33300DC0F22 /* Debug */,
				CE1FE8661B2FE33300DC0F22 /* Release */,
			);
			defaultConfigurationIsVisible = 0;
			defaultConfigurationName = Release;
		};
		CE1FE8671B2FE33300DC0F22 /* Build configuration list for PBXNativeTarget "SplitBill" */ = {
			isa = XCConfigurationList;
			buildConfigurations = (
				CE1FE8681B2FE33300DC0F22 /* Debug */,
				CE1FE8691B2FE33300DC0F22 /* Release */,
			);
			defaultConfigurationIsVisible = 0;
			defaultConfigurationName = Release;
		};
		CE1FE86A1B2FE33300DC0F22 /* Build configuration list for PBXNativeTarget "SplitBillTests" */ = {
			isa = XCConfigurationList;
			buildConfigurations = (
				CE1FE86B1B2FE33300DC0F22 /* Debug */,
				CE1FE86C1B2FE33300DC0F22 /* Release */,
			);
			defaultConfigurationIsVisible = 0;
			defaultConfigurationName = Release;
		};
/* End XCConfigurationList section */
	};
	rootObject = CE1FE8401B2FE33300DC0F22 /* Project object */;
}
